{
  "lockfileVersion": 1,
  "workspaces": {
    "": {
      "name": "sentinel",
      "dependencies": {
        "@commander-js/extra-typings": "^14.0.0",
        "@octokit/rest": "^22.0.1",
        "chalk": "^5.6.2",
        "commander": "^14.0.2",
        "oxlint": "^1.25.0",
      },
      "devDependencies": {
        "@types/bun": "latest",
        "oxfmt": "^0.9.0",
        "oxlint-tsgolint": "^0.4.0",
      },
      "peerDependencies": {
        "typescript": "^5",
      },
    },
  },
  "packages": {
    "@commander-js/extra-typings": ["@commander-js/extra-typings@14.0.0", "", { "peerDependencies": { "commander": "~14.0.0" } }, "sha512-hIn0ncNaJRLkZrxBIp5AsW/eXEHNKYQBh0aPdoUqNgD+Io3NIykQqpKFyKcuasZhicGaEZJX/JBSIkZ4e5x8Dg=="],

    "@octokit/auth-token": ["@octokit/auth-token@6.0.0", "", {}, "sha512-P4YJBPdPSpWTQ1NU4XYdvHvXJJDxM6YwpS0FZHRgP7YFkdVxsWcpWGy/NVqlAA7PcPCnMacXlRm1y2PFZRWL/w=="],

    "@octokit/core": ["@octokit/core@7.0.6", "", { "dependencies": { "@octokit/auth-token": "^6.0.0", "@octokit/graphql": "^9.0.3", "@octokit/request": "^10.0.6", "@octokit/request-error": "^7.0.2", "@octokit/types": "^16.0.0", "before-after-hook": "^4.0.0", "universal-user-agent": "^7.0.0" } }, "sha512-DhGl4xMVFGVIyMwswXeyzdL4uXD5OGILGX5N8Y+f6W7LhC1Ze2poSNrkF/fedpVDHEEZ+PHFW0vL14I+mm8K3Q=="],

    "@octokit/endpoint": ["@octokit/endpoint@11.0.2", "", { "dependencies": { "@octokit/types": "^16.0.0", "universal-user-agent": "^7.0.2" } }, "sha512-4zCpzP1fWc7QlqunZ5bSEjxc6yLAlRTnDwKtgXfcI/FxxGoqedDG8V2+xJ60bV2kODqcGB+nATdtap/XYq2NZQ=="],

    "@octokit/graphql": ["@octokit/graphql@9.0.3", "", { "dependencies": { "@octokit/request": "^10.0.6", "@octokit/types": "^16.0.0", "universal-user-agent": "^7.0.0" } }, "sha512-grAEuupr/C1rALFnXTv6ZQhFuL1D8G5y8CN04RgrO4FIPMrtm+mcZzFG7dcBm+nq+1ppNixu+Jd78aeJOYxlGA=="],

    "@octokit/openapi-types": ["@octokit/openapi-types@27.0.0", "", {}, "sha512-whrdktVs1h6gtR+09+QsNk2+FO+49j6ga1c55YZudfEG+oKJVvJLQi3zkOm5JjiUXAagWK2tI2kTGKJ2Ys7MGA=="],

    "@octokit/plugin-paginate-rest": ["@octokit/plugin-paginate-rest@14.0.0", "", { "dependencies": { "@octokit/types": "^16.0.0" }, "peerDependencies": { "@octokit/core": ">=6" } }, "sha512-fNVRE7ufJiAA3XUrha2omTA39M6IXIc6GIZLvlbsm8QOQCYvpq/LkMNGyFlB1d8hTDzsAXa3OKtybdMAYsV/fw=="],

    "@octokit/plugin-request-log": ["@octokit/plugin-request-log@6.0.0", "", { "peerDependencies": { "@octokit/core": ">=6" } }, "sha512-UkOzeEN3W91/eBq9sPZNQ7sUBvYCqYbrrD8gTbBuGtHEuycE4/awMXcYvx6sVYo7LypPhmQwwpUe4Yyu4QZN5Q=="],

    "@octokit/plugin-rest-endpoint-methods": ["@octokit/plugin-rest-endpoint-methods@17.0.0", "", { "dependencies": { "@octokit/types": "^16.0.0" }, "peerDependencies": { "@octokit/core": ">=6" } }, "sha512-B5yCyIlOJFPqUUeiD0cnBJwWJO8lkJs5d8+ze9QDP6SvfiXSz1BF+91+0MeI1d2yxgOhU/O+CvtiZ9jSkHhFAw=="],

    "@octokit/request": ["@octokit/request@10.0.6", "", { "dependencies": { "@octokit/endpoint": "^11.0.2", "@octokit/request-error": "^7.0.2", "@octokit/types": "^16.0.0", "fast-content-type-parse": "^3.0.0", "universal-user-agent": "^7.0.2" } }, "sha512-FO+UgZCUu+pPnZAR+iKdUt64kPE7QW7ciqpldaMXaNzixz5Jld8dJ31LAUewk0cfSRkNSRKyqG438ba9c/qDlQ=="],

    "@octokit/request-error": ["@octokit/request-error@7.0.2", "", { "dependencies": { "@octokit/types": "^16.0.0" } }, "sha512-U8piOROoQQUyExw5c6dTkU3GKxts5/ERRThIauNL7yaRoeXW0q/5bgHWT7JfWBw1UyrbK8ERId2wVkcB32n0uQ=="],

    "@octokit/rest": ["@octokit/rest@22.0.1", "", { "dependencies": { "@octokit/core": "^7.0.6", "@octokit/plugin-paginate-rest": "^14.0.0", "@octokit/plugin-request-log": "^6.0.0", "@octokit/plugin-rest-endpoint-methods": "^17.0.0" } }, "sha512-Jzbhzl3CEexhnivb1iQ0KJ7s5vvjMWcmRtq5aUsKmKDrRW6z3r84ngmiFKFvpZjpiU/9/S6ITPFRpn5s/3uQJw=="],

    "@octokit/types": ["@octokit/types@16.0.0", "", { "dependencies": { "@octokit/openapi-types": "^27.0.0" } }, "sha512-sKq+9r1Mm4efXW1FCk7hFSeJo4QKreL/tTbR0rz/qx/r1Oa2VV83LTA/H/MuCOX7uCIJmQVRKBcbmWoySjAnSg=="],

    "@oxfmt/darwin-arm64": ["@oxfmt/darwin-arm64@0.9.0", "", { "os": "darwin", "cpu": "arm64" }, "sha512-1D9z55GMMqceq3VT0rNVQjBGanXvwMoNUmkDyXxcigfu+qSVt+qmcJbZwttJfGx9GSlR+ilnAxHODLdcfSShMQ=="],

    "@oxfmt/darwin-x64": ["@oxfmt/darwin-x64@0.9.0", "", { "os": "darwin", "cpu": "x64" }, "sha512-WI/2AsQz058vcpPCcLk3R5gFBlS3kWrzZGGlZq8UljB8Jzn8/OH6+UEZxiDsFJd/ilbBxPpgAgPxna3z8Is4bw=="],

    "@oxfmt/linux-arm64-gnu": ["@oxfmt/linux-arm64-gnu@0.9.0", "", { "os": "linux", "cpu": "arm64" }, "sha512-Sj/mbXJZ1vtCvGcmond5zfW69TA1xFLkDl99aje4JazyMsrEK1PdknJClFKfVIBVPNzxfWa/DixAjFzbJoNQ7A=="],

    "@oxfmt/linux-arm64-musl": ["@oxfmt/linux-arm64-musl@0.9.0", "", { "os": "linux", "cpu": "arm64" }, "sha512-t1+MPQ6xkw6Xy0aNsviunHqnUWKrUgIskR+x4OLUSs+ZxzS2HPqTrYzQJWJp/2wq4lHpF4NsfNBkmXq751YA6A=="],

    "@oxfmt/linux-x64-gnu": ["@oxfmt/linux-x64-gnu@0.9.0", "", { "os": "linux", "cpu": "x64" }, "sha512-/jn3JBBFZb3rw0L+ZazDi757a7/fsI7bxHKUeSLegt4Jlu3EvG1h+zMG5ETsVE0f8ULAuwjsYA/ujGOQxzHRNQ=="],

    "@oxfmt/linux-x64-musl": ["@oxfmt/linux-x64-musl@0.9.0", "", { "os": "linux", "cpu": "x64" }, "sha512-K10t6rNnogmytxbBmdcJnZnSH34kMvTbKI7Kyi0AKv9v7hKUm1kE9hq9VmNyo0KLuu+YYDIMxmQ3Mm5DY2wLyg=="],

    "@oxfmt/win32-arm64": ["@oxfmt/win32-arm64@0.9.0", "", { "os": "win32", "cpu": "arm64" }, "sha512-IaVN68uowQThhSkbtfKo9Hm4I/y3WHom115tYUXeR6NMi/JDTrBpcrF7v0Tg6b6LbpT6LeXSYVr2cO2IVQwF5A=="],

    "@oxfmt/win32-x64": ["@oxfmt/win32-x64@0.9.0", "", { "os": "win32", "cpu": "x64" }, "sha512-77OiFJ9lpc7ICmHMSN+belxHPDMOu9U7N/LEp40YuC219QWClt6E5Ved6GwNV5bsDCTxTrpH1/3LhxBNKC66Xg=="],

    "@oxlint-tsgolint/darwin-arm64": ["@oxlint-tsgolint/darwin-arm64@0.4.0", "", { "os": "darwin", "cpu": "arm64" }, "sha512-2jNvhxs6JJy93Z4SQ/VErODBzZtFKxQ+sybcKYcw5/K41tXOiBbJSwBMZ2PPvivCVkVcyOkJvfs5UXWW7o79uw=="],

    "@oxlint-tsgolint/darwin-x64": ["@oxlint-tsgolint/darwin-x64@0.4.0", "", { "os": "darwin", "cpu": "x64" }, "sha512-6A+YBecdZhk2NJ8Dh3kRkR6htNekDmAopFkdyrtNvsHJs5qNNuwUv5RZlVMYiaQTh/Y/tZ0YWE4+cVdqPIEyxQ=="],

    "@oxlint-tsgolint/linux-arm64": ["@oxlint-tsgolint/linux-arm64@0.4.0", "", { "os": "linux", "cpu": "arm64" }, "sha512-JaX8JfQnY3UwX7l6BXIjhEaJAVeKVASELLFCdoo5+DOHgPuiiSKcxCVgTl92WPAuS0TYFXOgqOg31WXkvdi8bQ=="],

    "@oxlint-tsgolint/linux-x64": ["@oxlint-tsgolint/linux-x64@0.4.0", "", { "os": "linux", "cpu": "x64" }, "sha512-iu106lxV1O64O4vK2eRoIuY2iHuil/hyDNKLRNVaTg1un+yoxN6/C5uxrJix/EJ+1O27P9c+sXmMplcmbXujtg=="],

    "@oxlint-tsgolint/win32-arm64": ["@oxlint-tsgolint/win32-arm64@0.4.0", "", { "os": "win32", "cpu": "arm64" }, "sha512-KTp9EzkTCGAh4/sL3l5a9otX63TvTs5riBcrcqu0jYS3P762rZSezzMMDc0Ld51x+I37125p9+bue2vmlH/KbQ=="],

    "@oxlint-tsgolint/win32-x64": ["@oxlint-tsgolint/win32-x64@0.4.0", "", { "os": "win32", "cpu": "x64" }, "sha512-ioyBLHx0HA+hn5of8mhnA8W8DWQyJEHc7SBvwku0EW9bWt7zvBtWRJfx1YilvM+KVBdLVX731qeofdJT1fbJiQ=="],

    "@oxlint/darwin-arm64": ["@oxlint/darwin-arm64@1.25.0", "", { "os": "darwin", "cpu": "arm64" }, "sha512-OLx4XyUv5SO7k8y5FzJIoTKan+iKK53T1Ws8fBIl4zblUIWI66ZIqSVG2A2rxOBA7XfINqCz8UipGzOW9yzKcg=="],

    "@oxlint/darwin-x64": ["@oxlint/darwin-x64@1.25.0", "", { "os": "darwin", "cpu": "x64" }, "sha512-srndNPiliA0rchYKqYfOdqA9kqyVQ6YChK3XJe9Lxo/YG8tTJ5K65g2A5SHTT2s1Nm5DnQa5AKZH7w+7KI/m8A=="],

    "@oxlint/linux-arm64-gnu": ["@oxlint/linux-arm64-gnu@1.25.0", "", { "os": "linux", "cpu": "arm64" }, "sha512-W9+DnHDbygprpGV586BolwWES+o2raOcSJv404nOFPQjWZ09efG24nuXrg/fpyoMQb4YoW2W1fvlnyMVU+ADcw=="],

    "@oxlint/linux-arm64-musl": ["@oxlint/linux-arm64-musl@1.25.0", "", { "os": "linux", "cpu": "arm64" }, "sha512-1tIMpQhKlItm7uKzs3lluG7KorZR5ItoNKd1iFYF/IPmZ+i0/iuZ7MVWXRjBcgQMhMYSdfZpSVEdFKcFz2HDxA=="],

    "@oxlint/linux-x64-gnu": ["@oxlint/linux-x64-gnu@1.25.0", "", { "os": "linux", "cpu": "x64" }, "sha512-xVkmk/zkIulc5o0OUWY04DyBfKotnq9+60O9I5c0DpdKAELVLhZkLmct0apx3jAX6Z/3yYPzhc6Lw1Ia3jU3VQ=="],

    "@oxlint/linux-x64-musl": ["@oxlint/linux-x64-musl@1.25.0", "", { "os": "linux", "cpu": "x64" }, "sha512-IeO10dZosJV58YzN0gckhRYac+FM9s5VCKUx2ghgbKR91z/bpSRcRl8Sy5cWTkcVwu3ZTikhK8aXC6j7XIqKNw=="],

    "@oxlint/win32-arm64": ["@oxlint/win32-arm64@1.25.0", "", { "os": "win32", "cpu": "arm64" }, "sha512-mpdiXZm2oNuSQAbTEPRDuSeR6v1DCD7Cl/xouR2ggHZu3AKZ4XYmm29hyrzIxrYVoQ/5j+182TGdOpGYn9xQJg=="],

    "@oxlint/win32-x64": ["@oxlint/win32-x64@1.25.0", "", { "os": "win32", "cpu": "x64" }, "sha512-opoIACOkcFloWQO6dubBLbcWwW52ML8+3deFdr0WE0PeM9UXdLB0jRMuLsEnplmBoy9TRvmxDJ+Pw8xc2PsOfQ=="],

    "@types/bun": ["@types/bun@1.3.1", "", { "dependencies": { "bun-types": "1.3.1" } }, "sha512-4jNMk2/K9YJtfqwoAa28c8wK+T7nvJFOjxI4h/7sORWcypRNxBpr+TPNaCfVWq70tLCJsqoFwcf0oI0JU/fvMQ=="],

    "@types/node": ["@types/node@24.9.2", "", { "dependencies": { "undici-types": "~7.16.0" } }, "sha512-uWN8YqxXxqFMX2RqGOrumsKeti4LlmIMIyV0lgut4jx7KQBcBiW6vkDtIBvHnHIquwNfJhk8v2OtmO8zXWHfPA=="],

    "@types/react": ["@types/react@19.2.2", "", { "dependencies": { "csstype": "^3.0.2" } }, "sha512-6mDvHUFSjyT2B2yeNx2nUgMxh9LtOWvkhIU3uePn2I2oyNymUAX1NIsdgviM4CH+JSrp2D2hsMvJOkxY+0wNRA=="],

    "before-after-hook": ["before-after-hook@4.0.0", "", {}, "sha512-q6tR3RPqIB1pMiTRMFcZwuG5T8vwp+vUvEG0vuI6B+Rikh5BfPp2fQ82c925FOs+b0lcFQ8CFrL+KbilfZFhOQ=="],

    "bun-types": ["bun-types@1.3.1", "", { "dependencies": { "@types/node": "*" }, "peerDependencies": { "@types/react": "^19" } }, "sha512-NMrcy7smratanWJ2mMXdpatalovtxVggkj11bScuWuiOoXTiKIu2eVS1/7qbyI/4yHedtsn175n4Sm4JcdHLXw=="],

    "chalk": ["chalk@5.6.2", "", {}, "sha512-7NzBL0rN6fMUW+f7A6Io4h40qQlG+xGmtMxfbnH/K7TAtt8JQWVQK+6g0UXKMeVJoyV5EkkNsErQ8pVD3bLHbA=="],

    "commander": ["commander@14.0.2", "", {}, "sha512-TywoWNNRbhoD0BXs1P3ZEScW8W5iKrnbithIl0YH+uCmBd0QpPOA8yc82DS3BIE5Ma6FnBVUsJ7wVUDz4dvOWQ=="],

    "csstype": ["csstype@3.1.3", "", {}, "sha512-M1uQkMl8rQK/szD0LNhtqxIPLpimGm8sOBwU7lLnCpSbTyY3yeU1Vc7l4KT5zT4s/yOxHH5O7tIuuLOCnLADRw=="],

    "fast-content-type-parse": ["fast-content-type-parse@3.0.0", "", {}, "sha512-ZvLdcY8P+N8mGQJahJV5G4U88CSvT1rP8ApL6uETe88MBXrBHAkZlSEySdUlyztF7ccb+Znos3TFqaepHxdhBg=="],

    "oxfmt": ["oxfmt@0.9.0", "", { "optionalDependencies": { "@oxfmt/darwin-arm64": "0.9.0", "@oxfmt/darwin-x64": "0.9.0", "@oxfmt/linux-arm64-gnu": "0.9.0", "@oxfmt/linux-arm64-musl": "0.9.0", "@oxfmt/linux-x64-gnu": "0.9.0", "@oxfmt/linux-x64-musl": "0.9.0", "@oxfmt/win32-arm64": "0.9.0", "@oxfmt/win32-x64": "0.9.0" }, "bin": { "oxfmt": "bin/oxfmt" } }, "sha512-RVMw8kqZjCDCFxBZyDK4VW8DHxmSHV0pRky7LoLq9JL3ge4kelT0UB8GS0nVTZIteqOJ9rfwPxSZRUVXSX/n0w=="],

    "oxlint": ["oxlint@1.25.0", "", { "optionalDependencies": { "@oxlint/darwin-arm64": "1.25.0", "@oxlint/darwin-x64": "1.25.0", "@oxlint/linux-arm64-gnu": "1.25.0", "@oxlint/linux-arm64-musl": "1.25.0", "@oxlint/linux-x64-gnu": "1.25.0", "@oxlint/linux-x64-musl": "1.25.0", "@oxlint/win32-arm64": "1.25.0", "@oxlint/win32-x64": "1.25.0" }, "peerDependencies": { "oxlint-tsgolint": ">=0.4.0" }, "optionalPeers": ["oxlint-tsgolint"], "bin": { "oxlint": "bin/oxlint", "oxc_language_server": "bin/oxc_language_server" } }, "sha512-O6iJ9xeuy9eQCi8/EghvsNO6lzSaUPs0FR1uLy51Exp3RkVpjvJKyPPhd9qv65KLnfG/BNd2HE/rH0NbEfVVzA=="],

    "oxlint-tsgolint": ["oxlint-tsgolint@0.4.0", "", { "optionalDependencies": { "@oxlint-tsgolint/darwin-arm64": "0.4.0", "@oxlint-tsgolint/darwin-x64": "0.4.0", "@oxlint-tsgolint/linux-arm64": "0.4.0", "@oxlint-tsgolint/linux-x64": "0.4.0", "@oxlint-tsgolint/win32-arm64": "0.4.0", "@oxlint-tsgolint/win32-x64": "0.4.0" }, "bin": { "tsgolint": "bin/tsgolint.js" } }, "sha512-RpvLxPvSt0Xzr3frTiw5rP6HUW0djZ2uNdzHc8Pv556sbTnFWXmLdK8FRqqy7vVXZTkoVSdY3PsvOsVAqGjc+Q=="],

    "typescript": ["typescript@5.9.3", "", { "bin": { "tsc": "bin/tsc", "tsserver": "bin/tsserver" } }, "sha512-jl1vZzPDinLr9eUt3J/t7V6FgNEw9QjvBPdysz9KfQDD41fQrC2Y4vKQdiaUpFT4bXlb1RHhLpp8wtm6M5TgSw=="],

    "undici-types": ["undici-types@7.16.0", "", {}, "sha512-Zz+aZWSj8LE6zoxD+xrjh4VfkIG8Ya6LvYkZqtUQGJPZjYl53ypCaUwWqo7eI0x66KBGeRo+mlBEkMSeSZ38Nw=="],

    "universal-user-agent": ["universal-user-agent@7.0.3", "", {}, "sha512-TmnEAEAsBJVZM/AADELsK76llnwcf9vMKuPz8JflO1frO8Lchitr0fNaN9d+Ap0BjKtqWqd/J17qeDnXh8CL2A=="],
  }
}
